
Microsoft Visual Studio Solution File, Format Version 12.00
# Visual Studio Version 17
VisualStudioVersion = 17.8.34511.84
MinimumVisualStudioVersion = 10.0.40219.1
Project("{FAE04EC0-301F-11D3-BF4B-00C04F79EFBC}") = "TestProject", "TestProject\TestProject.csproj", "{CE15DE83-6795-43B6-927E-8244680090C4}"
EndProject
Project("{9A19103F-16F7-4668-BE54-9A1E7A4F7556}") = "Traccia2", "Traccia2\Traccia2.csproj", "{4986DEA4-F1FA-4FC0-8C39-F84E35116DBD}"
EndProject
Project("{9A19103F-16F7-4668-BE54-9A1E7A4F7556}") = "Domain", "Models\Domain.csproj", "{F31BEE4C-5AA0-4449-BA92-95A03824547C}"
EndProject
Project("{FAE04EC0-301F-11D3-BF4B-00C04F79EFBC}") = "WebApplication1", "WebApplication1\WebApplication1.csproj", "{7578F1CF-5A7D-4AFA-9695-35973C0CFC1C}"
EndProject
Global
	GlobalSection(SolutionConfigurationPlatforms) = preSolution
		Debug|Any CPU = Debug|Any CPU
		Release|Any CPU = Release|Any CPU
	EndGlobalSection
	GlobalSection(ProjectConfigurationPlatforms) = postSolution
		{CE15DE83-6795-43B6-927E-8244680090C4}.Debug|Any CPU.ActiveCfg = Debug|Any CPU
		{CE15DE83-6795-43B6-927E-8244680090C4}.Debug|Any CPU.Build.0 = Debug|Any CPU
		{CE15DE83-6795-43B6-927E-8244680090C4}.Release|Any CPU.ActiveCfg = Release|Any CPU
		{CE15DE83-6795-43B6-927E-8244680090C4}.Release|Any CPU.Build.0 = Release|Any CPU
		{4986DEA4-F1FA-4FC0-8C39-F84E35116DBD}.Debug|Any CPU.ActiveCfg = Debug|Any CPU
		{4986DEA4-F1FA-4FC0-8C39-F84E35116DBD}.Debug|Any CPU.Build.0 = Debug|Any CPU
		{4986DEA4-F1FA-4FC0-8C39-F84E35116DBD}.Release|Any CPU.ActiveCfg = Release|Any CPU
		{4986DEA4-F1FA-4FC0-8C39-F84E35116DBD}.Release|Any CPU.Build.0 = Release|Any CPU
		{F31BEE4C-5AA0-4449-BA92-95A03824547C}.Debug|Any CPU.ActiveCfg = Debug|Any CPU
		{F31BEE4C-5AA0-4449-BA92-95A03824547C}.Debug|Any CPU.Build.0 = Debug|Any CPU
		{F31BEE4C-5AA0-4449-BA92-95A03824547C}.Release|Any CPU.ActiveCfg = Release|Any CPU
		{F31BEE4C-5AA0-4449-BA92-95A03824547C}.Release|Any CPU.Build.0 = Release|Any CPU
		{7578F1CF-5A7D-4AFA-9695-35973C0CFC1C}.Debug|Any CPU.ActiveCfg = Debug|Any CPU
		{7578F1CF-5A7D-4AFA-9695-35973C0CFC1C}.Debug|Any CPU.Build.0 = Debug|Any CPU
		{7578F1CF-5A7D-4AFA-9695-35973C0CFC1C}.Release|Any CPU.ActiveCfg = Release|Any CPU
		{7578F1CF-5A7D-4AFA-9695-35973C0CFC1C}.Release|Any CPU.Build.0 = Release|Any CPU
	EndGlobalSection
	GlobalSection(SolutionProperties) = preSolution
		HideSolutionNode = FALSE
	EndGlobalSection
	GlobalSection(ExtensibilityGlobals) = postSolution
		SolutionGuid = {2082CE8A-CB8C-4A5C-B8DE-7F541F5FEC40}
	EndGlobalSection
EndGlobal
